
Microsoft Visual Studio Solution File, Format Version 12.00
# Visual Studio Version 17
VisualStudioVersion = 17.3.32929.385
MinimumVisualStudioVersion = 10.0.40219.1
Project("{9A19103F-16F7-4668-BE54-9A1E7A4F7556}") = "WebApi", "WebApi\WebApi.csproj", "{39E2AB33-AF37-44B7-A723-874B858F1439}"
	ProjectSection(ProjectDependencies) = postProject
		{4E305F8E-5353-49AA-8C6F-37A733324CB4} = {4E305F8E-5353-49AA-8C6F-37A733324CB4}
	EndProjectSection
EndProject
Project("{FAE04EC0-301F-11D3-BF4B-00C04F79EFBC}") = "BusinessLogic", "BusinessLogic\BusinessLogic.csproj", "{4E305F8E-5353-49AA-8C6F-37A733324CB4}"
EndProject
Global
	GlobalSection(SolutionConfigurationPlatforms) = preSolution
		Debug|Any CPU = Debug|Any CPU
		Release|Any CPU = Release|Any CPU
	EndGlobalSection
	GlobalSection(ProjectConfigurationPlatforms) = postSolution
		{39E2AB33-AF37-44B7-A723-874B858F1439}.Debug|Any CPU.ActiveCfg = Debug|Any CPU
		{39E2AB33-AF37-44B7-A723-874B858F1439}.Debug|Any CPU.Build.0 = Debug|Any CPU
		{39E2AB33-AF37-44B7-A723-874B858F1439}.Release|Any CPU.ActiveCfg = Release|Any CPU
		{39E2AB33-AF37-44B7-A723-874B858F1439}.Release|Any CPU.Build.0 = Release|Any CPU
		{4E305F8E-5353-49AA-8C6F-37A733324CB4}.Debug|Any CPU.ActiveCfg = Debug|Any CPU
		{4E305F8E-5353-49AA-8C6F-37A733324CB4}.Debug|Any CPU.Build.0 = Debug|Any CPU
		{4E305F8E-5353-49AA-8C6F-37A733324CB4}.Release|Any CPU.ActiveCfg = Release|Any CPU
		{4E305F8E-5353-49AA-8C6F-37A733324CB4}.Release|Any CPU.Build.0 = Release|Any CPU
	EndGlobalSection
	GlobalSection(SolutionProperties) = preSolution
		HideSolutionNode = FALSE
	EndGlobalSection
	GlobalSection(ExtensibilityGlobals) = postSolution
		SolutionGuid = {E9ADCCC6-8A50-4F65-B88F-CA508F340032}
	EndGlobalSection
EndGlobal
